
Microsoft Visual Studio Solution File, Format Version 12.00
# Visual Studio Version 16
VisualStudioVersion = 16.0.29424.173
MinimumVisualStudioVersion = 10.0.40219.1
Project("{FAE04EC0-301F-11D3-BF4B-00C04F79EFBC}") = "PM.BlackJack.Business", "PM.BlackJack.Business\PM.BlackJack.Business.csproj", "{CD0627D0-6CBF-4E0A-84A7-5FB25FFE5690}"
EndProject
Project("{FAE04EC0-301F-11D3-BF4B-00C04F79EFBC}") = "PM.BlackJack.BusinessTests", "PM.BlackJack.BusinessTests\PM.BlackJack.BusinessTests.csproj", "{133BC067-4952-4504-A6B1-A50DE490ADE7}"
EndProject
Project("{FAE04EC0-301F-11D3-BF4B-00C04F79EFBC}") = "PM.BlackJack.Api", "PM.BlackJack.Api\PM.BlackJack.Api.csproj", "{166E9EE8-C390-48B0-8B9D-4D502E866E67}"
EndProject
Global
	GlobalSection(SolutionConfigurationPlatforms) = preSolution
		Debug|Any CPU = Debug|Any CPU
		Release|Any CPU = Release|Any CPU
	EndGlobalSection
	GlobalSection(ProjectConfigurationPlatforms) = postSolution
		{CD0627D0-6CBF-4E0A-84A7-5FB25FFE5690}.Debug|Any CPU.ActiveCfg = Debug|Any CPU
		{CD0627D0-6CBF-4E0A-84A7-5FB25FFE5690}.Debug|Any CPU.Build.0 = Debug|Any CPU
		{CD0627D0-6CBF-4E0A-84A7-5FB25FFE5690}.Release|Any CPU.ActiveCfg = Release|Any CPU
		{CD0627D0-6CBF-4E0A-84A7-5FB25FFE5690}.Release|Any CPU.Build.0 = Release|Any CPU
		{133BC067-4952-4504-A6B1-A50DE490ADE7}.Debug|Any CPU.ActiveCfg = Debug|Any CPU
		{133BC067-4952-4504-A6B1-A50DE490ADE7}.Debug|Any CPU.Build.0 = Debug|Any CPU
		{133BC067-4952-4504-A6B1-A50DE490ADE7}.Release|Any CPU.ActiveCfg = Release|Any CPU
		{133BC067-4952-4504-A6B1-A50DE490ADE7}.Release|Any CPU.Build.0 = Release|Any CPU
		{166E9EE8-C390-48B0-8B9D-4D502E866E67}.Debug|Any CPU.ActiveCfg = Debug|Any CPU
		{166E9EE8-C390-48B0-8B9D-4D502E866E67}.Debug|Any CPU.Build.0 = Debug|Any CPU
		{166E9EE8-C390-48B0-8B9D-4D502E866E67}.Release|Any CPU.ActiveCfg = Release|Any CPU
		{166E9EE8-C390-48B0-8B9D-4D502E866E67}.Release|Any CPU.Build.0 = Release|Any CPU
	EndGlobalSection
	GlobalSection(SolutionProperties) = preSolution
		HideSolutionNode = FALSE
	EndGlobalSection
	GlobalSection(ExtensibilityGlobals) = postSolution
		SolutionGuid = {F936AE9B-41FD-4E8C-AA4E-B9ADEC4D593F}
	EndGlobalSection
EndGlobal
